
Microsoft Visual Studio Solution File, Format Version 12.00
# Visual Studio 15
VisualStudioVersion = 15.0.28307.489
MinimumVisualStudioVersion = 10.0.40219.1
Project("{FAE04EC0-301F-11D3-BF4B-00C04F79EFBC}") = "PWCWeb", "PWCWeb\PWCWeb.csproj", "{63F6307D-A676-4513-A5A2-4BB7FDEC0325}"
EndProject
Global
	GlobalSection(SolutionConfigurationPlatforms) = preSolution
		Debug|Any CPU = Debug|Any CPU
		Release|Any CPU = Release|Any CPU
	EndGlobalSection
	GlobalSection(ProjectConfigurationPlatforms) = postSolution
		{63F6307D-A676-4513-A5A2-4BB7FDEC0325}.Debug|Any CPU.ActiveCfg = Debug|Any CPU
		{63F6307D-A676-4513-A5A2-4BB7FDEC0325}.Debug|Any CPU.Build.0 = Debug|Any CPU
		{63F6307D-A676-4513-A5A2-4BB7FDEC0325}.Release|Any CPU.ActiveCfg = Release|Any CPU
		{63F6307D-A676-4513-A5A2-4BB7FDEC0325}.Release|Any CPU.Build.0 = Release|Any CPU
	EndGlobalSection
	GlobalSection(SolutionProperties) = preSolution
		HideSolutionNode = FALSE
	EndGlobalSection
	GlobalSection(ExtensibilityGlobals) = postSolution
		SolutionGuid = {2CFAC305-F75B-4FBE-9F8C-76ECDF92CC9D}
	EndGlobalSection
EndGlobal
